
Microsoft Visual Studio Solution File, Format Version 12.00
# Visual Studio Version 16
VisualStudioVersion = 16.0.30804.86
MinimumVisualStudioVersion = 10.0.40219.1
Project("{8BC9CEB8-8B4A-11D0-8D11-00A0C91BC942}") = "Project01", "Project01\Project01.vcxproj", "{8720D739-5F33-4070-9239-F59C87654577}"
EndProject
Global
	GlobalSection(SolutionConfigurationPlatforms) = preSolution
		Debug|x64 = Debug|x64
		Debug|x86 = Debug|x86
		Release|x64 = Release|x64
		Release|x86 = Release|x86
	EndGlobalSection
	GlobalSection(ProjectConfigurationPlatforms) = postSolution
		{8720D739-5F33-4070-9239-F59C87654577}.Debug|x64.ActiveCfg = Debug|x64
		{8720D739-5F33-4070-9239-F59C87654577}.Debug|x64.Build.0 = Debug|x64
		{8720D739-5F33-4070-9239-F59C87654577}.Debug|x86.ActiveCfg = Debug|Win32
		{8720D739-5F33-4070-9239-F59C87654577}.Debug|x86.Build.0 = Debug|Win32
		{8720D739-5F33-4070-9239-F59C87654577}.Release|x64.ActiveCfg = Release|x64
		{8720D739-5F33-4070-9239-F59C87654577}.Release|x64.Build.0 = Release|x64
		{8720D739-5F33-4070-9239-F59C87654577}.Release|x86.ActiveCfg = Release|Win32
		{8720D739-5F33-4070-9239-F59C87654577}.Release|x86.Build.0 = Release|Win32
	EndGlobalSection
	GlobalSection(SolutionProperties) = preSolution
		HideSolutionNode = FALSE
	EndGlobalSection
	GlobalSection(ExtensibilityGlobals) = postSolution
		SolutionGuid = {86A5F227-12FF-4EA5-9011-4DEF25251D52}
	EndGlobalSection
EndGlobal
