
Microsoft Visual Studio Solution File, Format Version 12.00
# Visual Studio 15
VisualStudioVersion = 15.0.28307.572
MinimumVisualStudioVersion = 10.0.40219.1
Project("{8BC9CEB8-8B4A-11D0-8D11-00A0C91BC942}") = "Project03", "Project03\Project03.vcxproj", "{3719BB6A-0E62-4DDC-B923-8DC29DEAB443}"
EndProject
Global
	GlobalSection(SolutionConfigurationPlatforms) = preSolution
		Debug|x64 = Debug|x64
		Debug|x86 = Debug|x86
		Release|x64 = Release|x64
		Release|x86 = Release|x86
	EndGlobalSection
	GlobalSection(ProjectConfigurationPlatforms) = postSolution
		{3719BB6A-0E62-4DDC-B923-8DC29DEAB443}.Debug|x64.ActiveCfg = Debug|x64
		{3719BB6A-0E62-4DDC-B923-8DC29DEAB443}.Debug|x64.Build.0 = Debug|x64
		{3719BB6A-0E62-4DDC-B923-8DC29DEAB443}.Debug|x86.ActiveCfg = Debug|Win32
		{3719BB6A-0E62-4DDC-B923-8DC29DEAB443}.Debug|x86.Build.0 = Debug|Win32
		{3719BB6A-0E62-4DDC-B923-8DC29DEAB443}.Release|x64.ActiveCfg = Release|x64
		{3719BB6A-0E62-4DDC-B923-8DC29DEAB443}.Release|x64.Build.0 = Release|x64
		{3719BB6A-0E62-4DDC-B923-8DC29DEAB443}.Release|x86.ActiveCfg = Release|Win32
		{3719BB6A-0E62-4DDC-B923-8DC29DEAB443}.Release|x86.Build.0 = Release|Win32
	EndGlobalSection
	GlobalSection(SolutionProperties) = preSolution
		HideSolutionNode = FALSE
	EndGlobalSection
	GlobalSection(ExtensibilityGlobals) = postSolution
		SolutionGuid = {01AADD69-8856-4129-92E5-2EA1DA7CE898}
	EndGlobalSection
EndGlobal
