
Microsoft Visual Studio Solution File, Format Version 12.00
# Visual Studio Version 16
VisualStudioVersion = 16.0.30717.126
MinimumVisualStudioVersion = 10.0.40219.1
Project("{8BC9CEB8-8B4A-11D0-8D11-00A0C91BC942}") = "Project1", "Project1\Project1.vcxproj", "{3D998F7E-1DA2-4998-9493-98F35B4FDB1A}"
EndProject
Global
	GlobalSection(SolutionConfigurationPlatforms) = preSolution
		Debug|x64 = Debug|x64
		Debug|x86 = Debug|x86
		Release|x64 = Release|x64
		Release|x86 = Release|x86
	EndGlobalSection
	GlobalSection(ProjectConfigurationPlatforms) = postSolution
		{3D998F7E-1DA2-4998-9493-98F35B4FDB1A}.Debug|x64.ActiveCfg = Debug|x64
		{3D998F7E-1DA2-4998-9493-98F35B4FDB1A}.Debug|x64.Build.0 = Debug|x64
		{3D998F7E-1DA2-4998-9493-98F35B4FDB1A}.Debug|x86.ActiveCfg = Debug|Win32
		{3D998F7E-1DA2-4998-9493-98F35B4FDB1A}.Debug|x86.Build.0 = Debug|Win32
		{3D998F7E-1DA2-4998-9493-98F35B4FDB1A}.Release|x64.ActiveCfg = Release|x64
		{3D998F7E-1DA2-4998-9493-98F35B4FDB1A}.Release|x64.Build.0 = Release|x64
		{3D998F7E-1DA2-4998-9493-98F35B4FDB1A}.Release|x86.ActiveCfg = Release|Win32
		{3D998F7E-1DA2-4998-9493-98F35B4FDB1A}.Release|x86.Build.0 = Release|Win32
	EndGlobalSection
	GlobalSection(SolutionProperties) = preSolution
		HideSolutionNode = FALSE
	EndGlobalSection
	GlobalSection(ExtensibilityGlobals) = postSolution
		SolutionGuid = {9722099C-C241-43D5-A787-5EAF247A3C03}
	EndGlobalSection
EndGlobal
